// !$*UTF8*$!
{
	archiveVersion = 1;
	classes = {
	};
	objectVersion = 50;
	objects = {

/* Begin PBXBuildFile section */
		EA4E224E2187A0EE00269F54 /* RedditPostDownloadService.swift in Sources */ = {isa = PBXBuildFile; fileRef = EA4E224D2187A0EE00269F54 /* RedditPostDownloadService.swift */; };
		EA4E22502187A37D00269F54 /* RedditPost.swift in Sources */ = {isa = PBXBuildFile; fileRef = EA4E224F2187A37D00269F54 /* RedditPost.swift */; };
		EA4E22522187A7D200269F54 /* PostTableViewCell.swift in Sources */ = {isa = PBXBuildFile; fileRef = EA4E22512187A7D200269F54 /* PostTableViewCell.swift */; };
		EA549DC721597ABC00DFC066 /* AppDelegate.swift in Sources */ = {isa = PBXBuildFile; fileRef = EA549DC621597ABC00DFC066 /* AppDelegate.swift */; };
		EA549DC921597ABC00DFC066 /* RisingStoriesViewController.swift in Sources */ = {isa = PBXBuildFile; fileRef = EA549DC821597ABC00DFC066 /* RisingStoriesViewController.swift */; };
		EA549DCC21597ABC00DFC066 /* Main.storyboard in Resources */ = {isa = PBXBuildFile; fileRef = EA549DCA21597ABC00DFC066 /* Main.storyboard */; };
		EA549DCE21597ABE00DFC066 /* Assets.xcassets in Resources */ = {isa = PBXBuildFile; fileRef = EA549DCD21597ABE00DFC066 /* Assets.xcassets */; };
		EA549DD121597ABE00DFC066 /* LaunchScreen.storyboard in Resources */ = {isa = PBXBuildFile; fileRef = EA549DCF21597ABE00DFC066 /* LaunchScreen.storyboard */; };
		EA549DDC21597ABE00DFC066 /* RedditRealTimeTests.swift in Sources */ = {isa = PBXBuildFile; fileRef = EA549DDB21597ABE00DFC066 /* RedditRealTimeTests.swift */; };
		EA549DE721597ABE00DFC066 /* RedditRealTimeUITests.swift in Sources */ = {isa = PBXBuildFile; fileRef = EA549DE621597ABE00DFC066 /* RedditRealTimeUITests.swift */; };
		EA571960219B438E00FB1109 /* PillUI.swift in Sources */ = {isa = PBXBuildFile; fileRef = EA57195F219B438E00FB1109 /* PillUI.swift */; };
		EA93778D219D0E7F0013594D /* Squircle.swift in Sources */ = {isa = PBXBuildFile; fileRef = EA93778C219D0E7F0013594D /* Squircle.swift */; };
		EADE5304219A21A400271D37 /* SettingsViewController.swift in Sources */ = {isa = PBXBuildFile; fileRef = EADE5303219A21A400271D37 /* SettingsViewController.swift */; };
		EADE5306219A22E300271D37 /* RealTimeRefreshController.swift in Sources */ = {isa = PBXBuildFile; fileRef = EADE5305219A22E300271D37 /* RealTimeRefreshController.swift */; };
		EADE5308219A78C400271D37 /* SubredditSuggestionsPopOverViewController.swift in Sources */ = {isa = PBXBuildFile; fileRef = EADE5307219A78C400271D37 /* SubredditSuggestionsPopOverViewController.swift */; };
		EADE530A219A7F6F00271D37 /* MetaRedditModel.swift in Sources */ = {isa = PBXBuildFile; fileRef = EADE5309219A7F6F00271D37 /* MetaRedditModel.swift */; };
		EADE530E219A846000271D37 /* SubredditModel.swift in Sources */ = {isa = PBXBuildFile; fileRef = EADE530D219A846000271D37 /* SubredditModel.swift */; };
		EADE5310219A861400271D37 /* RedditSubredditDownloadService.swift in Sources */ = {isa = PBXBuildFile; fileRef = EADE530F219A861400271D37 /* RedditSubredditDownloadService.swift */; };
		EADE5312219A8D7200271D37 /* SubredditTableViewCell.swift in Sources */ = {isa = PBXBuildFile; fileRef = EADE5311219A8D7200271D37 /* SubredditTableViewCell.swift */; };
/* End PBXBuildFile section */

/* Begin PBXContainerItemProxy section */
		EA549DD821597ABE00DFC066 /* PBXContainerItemProxy */ = {
			isa = PBXContainerItemProxy;
			containerPortal = EA549DBB21597ABC00DFC066 /* Project object */;
			proxyType = 1;
			remoteGlobalIDString = EA549DC221597ABC00DFC066;
			remoteInfo = RedditRealTime;
		};
		EA549DE321597ABE00DFC066 /* PBXContainerItemProxy */ = {
			isa = PBXContainerItemProxy;
			containerPortal = EA549DBB21597ABC00DFC066 /* Project object */;
			proxyType = 1;
			remoteGlobalIDString = EA549DC221597ABC00DFC066;
			remoteInfo = RedditRealTime;
		};
/* End PBXContainerItemProxy section */

/* Begin PBXFileReference section */
		EA4E224D2187A0EE00269F54 /* RedditPostDownloadService.swift */ = {isa = PBXFileReference; lastKnownFileType = sourcecode.swift; path = RedditPostDownloadService.swift; sourceTree = "<group>"; };
		EA4E224F2187A37D00269F54 /* RedditPost.swift */ = {isa = PBXFileReference; lastKnownFileType = sourcecode.swift; path = RedditPost.swift; sourceTree = "<group>"; };
		EA4E22512187A7D200269F54 /* PostTableViewCell.swift */ = {isa = PBXFileReference; lastKnownFileType = sourcecode.swift; path = PostTableViewCell.swift; sourceTree = "<group>"; };
		EA549DC321597ABC00DFC066 /* RedditRealTime.app */ = {isa = PBXFileReference; explicitFileType = wrapper.application; includeInIndex = 0; path = RedditRealTime.app; sourceTree = BUILT_PRODUCTS_DIR; };
		EA549DC621597ABC00DFC066 /* AppDelegate.swift */ = {isa = PBXFileReference; lastKnownFileType = sourcecode.swift; path = AppDelegate.swift; sourceTree = "<group>"; };
		EA549DC821597ABC00DFC066 /* RisingStoriesViewController.swift */ = {isa = PBXFileReference; lastKnownFileType = sourcecode.swift; path = RisingStoriesViewController.swift; sourceTree = "<group>"; };
		EA549DCB21597ABC00DFC066 /* Base */ = {isa = PBXFileReference; lastKnownFileType = file.storyboard; name = Base; path = Base.lproj/Main.storyboard; sourceTree = "<group>"; };
		EA549DCD21597ABE00DFC066 /* Assets.xcassets */ = {isa = PBXFileReference; lastKnownFileType = folder.assetcatalog; path = Assets.xcassets; sourceTree = "<group>"; };
		EA549DD021597ABE00DFC066 /* Base */ = {isa = PBXFileReference; lastKnownFileType = file.storyboard; name = Base; path = Base.lproj/LaunchScreen.storyboard; sourceTree = "<group>"; };
		EA549DD221597ABE00DFC066 /* Info.plist */ = {isa = PBXFileReference; lastKnownFileType = text.plist.xml; path = Info.plist; sourceTree = "<group>"; };
		EA549DD721597ABE00DFC066 /* RedditRealTimeTests.xctest */ = {isa = PBXFileReference; explicitFileType = wrapper.cfbundle; includeInIndex = 0; path = RedditRealTimeTests.xctest; sourceTree = BUILT_PRODUCTS_DIR; };
		EA549DDB21597ABE00DFC066 /* RedditRealTimeTests.swift */ = {isa = PBXFileReference; lastKnownFileType = sourcecode.swift; path = RedditRealTimeTests.swift; sourceTree = "<group>"; };
		EA549DDD21597ABE00DFC066 /* Info.plist */ = {isa = PBXFileReference; lastKnownFileType = text.plist.xml; path = Info.plist; sourceTree = "<group>"; };
		EA549DE221597ABE00DFC066 /* RedditRealTimeUITests.xctest */ = {isa = PBXFileReference; explicitFileType = wrapper.cfbundle; includeInIndex = 0; path = RedditRealTimeUITests.xctest; sourceTree = BUILT_PRODUCTS_DIR; };
		EA549DE621597ABE00DFC066 /* RedditRealTimeUITests.swift */ = {isa = PBXFileReference; lastKnownFileType = sourcecode.swift; path = RedditRealTimeUITests.swift; sourceTree = "<group>"; };
		EA549DE821597ABE00DFC066 /* Info.plist */ = {isa = PBXFileReference; lastKnownFileType = text.plist.xml; path = Info.plist; sourceTree = "<group>"; };
		EA57195F219B438E00FB1109 /* PillUI.swift */ = {isa = PBXFileReference; lastKnownFileType = sourcecode.swift; path = PillUI.swift; sourceTree = "<group>"; };
		EA93778C219D0E7F0013594D /* Squircle.swift */ = {isa = PBXFileReference; lastKnownFileType = sourcecode.swift; path = Squircle.swift; sourceTree = "<group>"; };
		EADE5303219A21A400271D37 /* SettingsViewController.swift */ = {isa = PBXFileReference; lastKnownFileType = sourcecode.swift; path = SettingsViewController.swift; sourceTree = "<group>"; };
		EADE5305219A22E300271D37 /* RealTimeRefreshController.swift */ = {isa = PBXFileReference; lastKnownFileType = sourcecode.swift; path = RealTimeRefreshController.swift; sourceTree = "<group>"; };
		EADE5307219A78C400271D37 /* SubredditSuggestionsPopOverViewController.swift */ = {isa = PBXFileReference; lastKnownFileType = sourcecode.swift; path = SubredditSuggestionsPopOverViewController.swift; sourceTree = "<group>"; };
		EADE5309219A7F6F00271D37 /* MetaRedditModel.swift */ = {isa = PBXFileReference; lastKnownFileType = sourcecode.swift; path = MetaRedditModel.swift; sourceTree = "<group>"; };
		EADE530D219A846000271D37 /* SubredditModel.swift */ = {isa = PBXFileReference; lastKnownFileType = sourcecode.swift; path = SubredditModel.swift; sourceTree = "<group>"; };
		EADE530F219A861400271D37 /* RedditSubredditDownloadService.swift */ = {isa = PBXFileReference; lastKnownFileType = sourcecode.swift; path = RedditSubredditDownloadService.swift; sourceTree = "<group>"; };
		EADE5311219A8D7200271D37 /* SubredditTableViewCell.swift */ = {isa = PBXFileReference; lastKnownFileType = sourcecode.swift; path = SubredditTableViewCell.swift; sourceTree = "<group>"; };
/* End PBXFileReference section */

/* Begin PBXFrameworksBuildPhase section */
		EA549DC021597ABC00DFC066 /* Frameworks */ = {
			isa = PBXFrameworksBuildPhase;
			buildActionMask = 2147483647;
			files = (
			);
			runOnlyForDeploymentPostprocessing = 0;
		};
		EA549DD421597ABE00DFC066 /* Frameworks */ = {
			isa = PBXFrameworksBuildPhase;
			buildActionMask = 2147483647;
			files = (
			);
			runOnlyForDeploymentPostprocessing = 0;
		};
		EA549DDF21597ABE00DFC066 /* Frameworks */ = {
			isa = PBXFrameworksBuildPhase;
			buildActionMask = 2147483647;
			files = (
			);
			runOnlyForDeploymentPostprocessing = 0;
		};
/* End PBXFrameworksBuildPhase section */

/* Begin PBXGroup section */
		EA4791F92190D12E001413A4 /* Model Layer */ = {
			isa = PBXGroup;
			children = (
				EA93778B219D0E6F0013594D /* Extensions */,
				EA4E224F2187A37D00269F54 /* RedditPost.swift */,
				EADE530D219A846000271D37 /* SubredditModel.swift */,
				EADE5309219A7F6F00271D37 /* MetaRedditModel.swift */,
			);
			path = "Model Layer";
			sourceTree = "<group>";
		};
		EA4791FA2190D136001413A4 /* View Layer */ = {
			isa = PBXGroup;
			children = (
				EA65534F2162B6C60096243D /* Custom UI */,
			);
			path = "View Layer";
			sourceTree = "<group>";
		};
		EA4791FB2190D15A001413A4 /* View Controllers */ = {
			isa = PBXGroup;
			children = (
				EA549DC821597ABC00DFC066 /* RisingStoriesViewController.swift */,
				EADE5303219A21A400271D37 /* SettingsViewController.swift */,
				EADE5307219A78C400271D37 /* SubredditSuggestionsPopOverViewController.swift */,
			);
			path = "View Controllers";
			sourceTree = "<group>";
		};
		EA4791FD2190D16F001413A4 /* Table View Cells */ = {
			isa = PBXGroup;
			children = (
				EA4E22512187A7D200269F54 /* PostTableViewCell.swift */,
				EADE5311219A8D7200271D37 /* SubredditTableViewCell.swift */,
			);
			path = "Table View Cells";
			sourceTree = "<group>";
		};
		EA4791FE2190D188001413A4 /* Controller Layer */ = {
			isa = PBXGroup;
			children = (
				EA4791FD2190D16F001413A4 /* Table View Cells */,
				EA4791FB2190D15A001413A4 /* View Controllers */,
				EADE5305219A22E300271D37 /* RealTimeRefreshController.swift */,
				EA4791FF2190D196001413A4 /* Services */,
			);
			path = "Controller Layer";
			sourceTree = "<group>";
		};
		EA4791FF2190D196001413A4 /* Services */ = {
			isa = PBXGroup;
			children = (
				EA4E224D2187A0EE00269F54 /* RedditPostDownloadService.swift */,
				EADE530F219A861400271D37 /* RedditSubredditDownloadService.swift */,
			);
			path = Services;
			sourceTree = "<group>";
		};
		EA549DBA21597ABC00DFC066 = {
			isa = PBXGroup;
			children = (
				EA549DC521597ABC00DFC066 /* RedditRealTime */,
				EA549DDA21597ABE00DFC066 /* RedditRealTimeTests */,
				EA549DE521597ABE00DFC066 /* RedditRealTimeUITests */,
				EA549DC421597ABC00DFC066 /* Products */,
			);
			sourceTree = "<group>";
		};
		EA549DC421597ABC00DFC066 /* Products */ = {
			isa = PBXGroup;
			children = (
				EA549DC321597ABC00DFC066 /* RedditRealTime.app */,
				EA549DD721597ABE00DFC066 /* RedditRealTimeTests.xctest */,
				EA549DE221597ABE00DFC066 /* RedditRealTimeUITests.xctest */,
			);
			name = Products;
			sourceTree = "<group>";
		};
		EA549DC521597ABC00DFC066 /* RedditRealTime */ = {
			isa = PBXGroup;
			children = (
				EA549DC621597ABC00DFC066 /* AppDelegate.swift */,
				EA4791FA2190D136001413A4 /* View Layer */,
				EA4791F92190D12E001413A4 /* Model Layer */,
				EA4791FE2190D188001413A4 /* Controller Layer */,
				EA549DCA21597ABC00DFC066 /* Main.storyboard */,
				EA549DCD21597ABE00DFC066 /* Assets.xcassets */,
				EA549DCF21597ABE00DFC066 /* LaunchScreen.storyboard */,
				EA549DD221597ABE00DFC066 /* Info.plist */,
			);
			path = RedditRealTime;
			sourceTree = "<group>";
		};
		EA549DDA21597ABE00DFC066 /* RedditRealTimeTests */ = {
			isa = PBXGroup;
			children = (
				EA549DDB21597ABE00DFC066 /* RedditRealTimeTests.swift */,
				EA549DDD21597ABE00DFC066 /* Info.plist */,
			);
			path = RedditRealTimeTests;
			sourceTree = "<group>";
		};
		EA549DE521597ABE00DFC066 /* RedditRealTimeUITests */ = {
			isa = PBXGroup;
			children = (
				EA549DE621597ABE00DFC066 /* RedditRealTimeUITests.swift */,
				EA549DE821597ABE00DFC066 /* Info.plist */,
			);
			path = RedditRealTimeUITests;
			sourceTree = "<group>";
		};
		EA65534F2162B6C60096243D /* Custom UI */ = {
			isa = PBXGroup;
			children = (
				EA57195F219B438E00FB1109 /* PillUI.swift */,
			);
			path = "Custom UI";
			sourceTree = "<group>";
		};
		EA93778B219D0E6F0013594D /* Extensions */ = {
			isa = PBXGroup;
			children = (
				EA93778C219D0E7F0013594D /* Squircle.swift */,
			);
			path = Extensions;
			sourceTree = "<group>";
		};
/* End PBXGroup section */

/* Begin PBXNativeTarget section */
		EA549DC221597ABC00DFC066 /* RedditRealTime */ = {
			isa = PBXNativeTarget;
			buildConfigurationList = EA549DEB21597ABE00DFC066 /* Build configuration list for PBXNativeTarget "RedditRealTime" */;
			buildPhases = (
				EA549DBF21597ABC00DFC066 /* Sources */,
				EA549DC021597ABC00DFC066 /* Frameworks */,
				EA549DC121597ABC00DFC066 /* Resources */,
			);
			buildRules = (
			);
			dependencies = (
			);
			name = RedditRealTime;
			productName = RedditRealTime;
			productReference = EA549DC321597ABC00DFC066 /* RedditRealTime.app */;
			productType = "com.apple.product-type.application";
		};
		EA549DD621597ABE00DFC066 /* RedditRealTimeTests */ = {
			isa = PBXNativeTarget;
			buildConfigurationList = EA549DEE21597ABE00DFC066 /* Build configuration list for PBXNativeTarget "RedditRealTimeTests" */;
			buildPhases = (
				EA549DD321597ABE00DFC066 /* Sources */,
				EA549DD421597ABE00DFC066 /* Frameworks */,
				EA549DD521597ABE00DFC066 /* Resources */,
			);
			buildRules = (
			);
			dependencies = (
				EA549DD921597ABE00DFC066 /* PBXTargetDependency */,
			);
			name = RedditRealTimeTests;
			productName = RedditRealTimeTests;
			productReference = EA549DD721597ABE00DFC066 /* RedditRealTimeTests.xctest */;
			productType = "com.apple.product-type.bundle.unit-test";
		};
		EA549DE121597ABE00DFC066 /* RedditRealTimeUITests */ = {
			isa = PBXNativeTarget;
			buildConfigurationList = EA549DF121597ABE00DFC066 /* Build configuration list for PBXNativeTarget "RedditRealTimeUITests" */;
			buildPhases = (
				EA549DDE21597ABE00DFC066 /* Sources */,
				EA549DDF21597ABE00DFC066 /* Frameworks */,
				EA549DE021597ABE00DFC066 /* Resources */,
			);
			buildRules = (
			);
			dependencies = (
				EA549DE421597ABE00DFC066 /* PBXTargetDependency */,
			);
			name = RedditRealTimeUITests;
			productName = RedditRealTimeUITests;
			productReference = EA549DE221597ABE00DFC066 /* RedditRealTimeUITests.xctest */;
			productType = "com.apple.product-type.bundle.ui-testing";
		};
/* End PBXNativeTarget section */

/* Begin PBXProject section */
		EA549DBB21597ABC00DFC066 /* Project object */ = {
			isa = PBXProject;
			attributes = {
				LastSwiftUpdateCheck = 1000;
				LastUpgradeCheck = 1000;
				ORGANIZATIONNAME = "Daniel Yount";
				TargetAttributes = {
					EA549DC221597ABC00DFC066 = {
						CreatedOnToolsVersion = 10.0;
					};
					EA549DD621597ABE00DFC066 = {
						CreatedOnToolsVersion = 10.0;
						TestTargetID = EA549DC221597ABC00DFC066;
					};
					EA549DE121597ABE00DFC066 = {
						CreatedOnToolsVersion = 10.0;
						TestTargetID = EA549DC221597ABC00DFC066;
					};
				};
			};
			buildConfigurationList = EA549DBE21597ABC00DFC066 /* Build configuration list for PBXProject "RedditRealTime" */;
			compatibilityVersion = "Xcode 9.3";
			developmentRegion = en;
			hasScannedForEncodings = 0;
			knownRegions = (
				en,
				Base,
			);
			mainGroup = EA549DBA21597ABC00DFC066;
			productRefGroup = EA549DC421597ABC00DFC066 /* Products */;
			projectDirPath = "";
			projectRoot = "";
			targets = (
				EA549DC221597ABC00DFC066 /* RedditRealTime */,
				EA549DD621597ABE00DFC066 /* RedditRealTimeTests */,
				EA549DE121597ABE00DFC066 /* RedditRealTimeUITests */,
			);
		};
/* End PBXProject section */

/* Begin PBXResourcesBuildPhase section */
		EA549DC121597ABC00DFC066 /* Resources */ = {
			isa = PBXResourcesBuildPhase;
			buildActionMask = 2147483647;
			files = (
				EA549DD121597ABE00DFC066 /* LaunchScreen.storyboard in Resources */,
				EA549DCE21597ABE00DFC066 /* Assets.xcassets in Resources */,
				EA549DCC21597ABC00DFC066 /* Main.storyboard in Resources */,
			);
			runOnlyForDeploymentPostprocessing = 0;
		};
		EA549DD521597ABE00DFC066 /* Resources */ = {
			isa = PBXResourcesBuildPhase;
			buildActionMask = 2147483647;
			files = (
			);
			runOnlyForDeploymentPostprocessing = 0;
		};
		EA549DE021597ABE00DFC066 /* Resources */ = {
			isa = PBXResourcesBuildPhase;
			buildActionMask = 2147483647;
			files = (
			);
			runOnlyForDeploymentPostprocessing = 0;
		};
/* End PBXResourcesBuildPhase section */

/* Begin PBXSourcesBuildPhase section */
		EA549DBF21597ABC00DFC066 /* Sources */ = {
			isa = PBXSourcesBuildPhase;
			buildActionMask = 2147483647;
			files = (
				EA571960219B438E00FB1109 /* PillUI.swift in Sources */,
				EADE5306219A22E300271D37 /* RealTimeRefreshController.swift in Sources */,
				EA4E22502187A37D00269F54 /* RedditPost.swift in Sources */,
				EADE530E219A846000271D37 /* SubredditModel.swift in Sources */,
				EA4E224E2187A0EE00269F54 /* RedditPostDownloadService.swift in Sources */,
				EADE5308219A78C400271D37 /* SubredditSuggestionsPopOverViewController.swift in Sources */,
				EADE530A219A7F6F00271D37 /* MetaRedditModel.swift in Sources */,
				EADE5310219A861400271D37 /* RedditSubredditDownloadService.swift in Sources */,
				EADE5304219A21A400271D37 /* SettingsViewController.swift in Sources */,
				EA549DC921597ABC00DFC066 /* RisingStoriesViewController.swift in Sources */,
				EA549DC721597ABC00DFC066 /* AppDelegate.swift in Sources */,
				EA4E22522187A7D200269F54 /* PostTableViewCell.swift in Sources */,
				EADE5312219A8D7200271D37 /* SubredditTableViewCell.swift in Sources */,
				EA93778D219D0E7F0013594D /* Squircle.swift in Sources */,
			);
			runOnlyForDeploymentPostprocessing = 0;
		};
		EA549DD321597ABE00DFC066 /* Sources */ = {
			isa = PBXSourcesBuildPhase;
			buildActionMask = 2147483647;
			files = (
				EA549DDC21597ABE00DFC066 /* RedditRealTimeTests.swift in Sources */,
			);
			runOnlyForDeploymentPostprocessing = 0;
		};
		EA549DDE21597ABE00DFC066 /* Sources */ = {
			isa = PBXSourcesBuildPhase;
			buildActionMask = 2147483647;
			files = (
				EA549DE721597ABE00DFC066 /* RedditRealTimeUITests.swift in Sources */,
			);
			runOnlyForDeploymentPostprocessing = 0;
		};
/* End PBXSourcesBuildPhase section */

/* Begin PBXTargetDependency section */
		EA549DD921597ABE00DFC066 /* PBXTargetDependency */ = {
			isa = PBXTargetDependency;
			target = EA549DC221597ABC00DFC066 /* RedditRealTime */;
			targetProxy = EA549DD821597ABE00DFC066 /* PBXContainerItemProxy */;
		};
		EA549DE421597ABE00DFC066 /* PBXTargetDependency */ = {
			isa = PBXTargetDependency;
			target = EA549DC221597ABC00DFC066 /* RedditRealTime */;
			targetProxy = EA549DE321597ABE00DFC066 /* PBXContainerItemProxy */;
		};
/* End PBXTargetDependency section */

/* Begin PBXVariantGroup section */
		EA549DCA21597ABC00DFC066 /* Main.storyboard */ = {
			isa = PBXVariantGroup;
			children = (
				EA549DCB21597ABC00DFC066 /* Base */,
			);
			name = Main.storyboard;
			sourceTree = "<group>";
		};
		EA549DCF21597ABE00DFC066 /* LaunchScreen.storyboard */ = {
			isa = PBXVariantGroup;
			children = (
				EA549DD021597ABE00DFC066 /* Base */,
			);
			name = LaunchScreen.storyboard;
			sourceTree = "<group>";
		};
/* End PBXVariantGroup section */

/* Begin XCBuildConfiguration section */
		EA549DE921597ABE00DFC066 /* Debug */ = {
			isa = XCBuildConfiguration;
			buildSettings = {
				ALWAYS_SEARCH_USER_PATHS = NO;
				CLANG_ANALYZER_NONNULL = YES;
				CLANG_ANALYZER_NUMBER_OBJECT_CONVERSION = YES_AGGRESSIVE;
				CLANG_CXX_LANGUAGE_STANDARD = "gnu++14";
				CLANG_CXX_LIBRARY = "libc++";
				CLANG_ENABLE_MODULES = YES;
				CLANG_ENABLE_OBJC_ARC = YES;
				CLANG_ENABLE_OBJC_WEAK = YES;
				CLANG_WARN_BLOCK_CAPTURE_AUTORELEASING = YES;
				CLANG_WARN_BOOL_CONVERSION = YES;
				CLANG_WARN_COMMA = YES;
				CLANG_WARN_CONSTANT_CONVERSION = YES;
				CLANG_WARN_DEPRECATED_OBJC_IMPLEMENTATIONS = YES;
				CLANG_WARN_DIRECT_OBJC_ISA_USAGE = YES_ERROR;
				CLANG_WARN_DOCUMENTATION_COMMENTS = YES;
				CLANG_WARN_EMPTY_BODY = YES;
				CLANG_WARN_ENUM_CONVERSION = YES;
				CLANG_WARN_INFINITE_RECURSION = YES;
				CLANG_WARN_INT_CONVERSION = YES;
				CLANG_WARN_NON_LITERAL_NULL_CONVERSION = YES;
				CLANG_WARN_OBJC_IMPLICIT_RETAIN_SELF = YES;
				CLANG_WARN_OBJC_LITERAL_CONVERSION = YES;
				CLANG_WARN_OBJC_ROOT_CLASS = YES_ERROR;
				CLANG_WARN_RANGE_LOOP_ANALYSIS = YES;
				CLANG_WARN_STRICT_PROTOTYPES = YES;
				CLANG_WARN_SUSPICIOUS_MOVE = YES;
				CLANG_WARN_UNGUARDED_AVAILABILITY = YES_AGGRESSIVE;
				CLANG_WARN_UNREACHABLE_CODE = YES;
				CLANG_WARN__DUPLICATE_METHOD_MATCH = YES;
				CODE_SIGN_IDENTITY = "iPhone Developer";
				COPY_PHASE_STRIP = NO;
				DEBUG_INFORMATION_FORMAT = dwarf;
				ENABLE_STRICT_OBJC_MSGSEND = YES;
				ENABLE_TESTABILITY = YES;
				GCC_C_LANGUAGE_STANDARD = gnu11;
				GCC_DYNAMIC_NO_PIC = NO;
				GCC_NO_COMMON_BLOCKS = YES;
				GCC_OPTIMIZATION_LEVEL = 0;
				GCC_PREPROCESSOR_DEFINITIONS = (
					"DEBUG=1",
					"$(inherited)",
				);
				GCC_WARN_64_TO_32_BIT_CONVERSION = YES;
				GCC_WARN_ABOUT_RETURN_TYPE = YES_ERROR;
				GCC_WARN_UNDECLARED_SELECTOR = YES;
				GCC_WARN_UNINITIALIZED_AUTOS = YES_AGGRESSIVE;
				GCC_WARN_UNUSED_FUNCTION = YES;
				GCC_WARN_UNUSED_VARIABLE = YES;
				IPHONEOS_DEPLOYMENT_TARGET = 12.0;
				MTL_ENABLE_DEBUG_INFO = INCLUDE_SOURCE;
				MTL_FAST_MATH = YES;
				ONLY_ACTIVE_ARCH = YES;
				SDKROOT = iphoneos;
				SWIFT_ACTIVE_COMPILATION_CONDITIONS = DEBUG;
				SWIFT_OPTIMIZATION_LEVEL = "-Onone";
			};
			name = Debug;
		};
		EA549DEA21597ABE00DFC066 /* Release */ = {
			isa = XCBuildConfiguration;
			buildSettings = {
				ALWAYS_SEARCH_USER_PATHS = NO;
				CLANG_ANALYZER_NONNULL = YES;
				CLANG_ANALYZER_NUMBER_OBJECT_CONVERSION = YES_AGGRESSIVE;
				CLANG_CXX_LANGUAGE_STANDARD = "gnu++14";
				CLANG_CXX_LIBRARY = "libc++";
				CLANG_ENABLE_MODULES = YES;
				CLANG_ENABLE_OBJC_ARC = YES;
				CLANG_ENABLE_OBJC_WEAK = YES;
				CLANG_WARN_BLOCK_CAPTURE_AUTORELEASING = YES;
				CLANG_WARN_BOOL_CONVERSION = YES;
				CLANG_WARN_COMMA = YES;
				CLANG_WARN_CONSTANT_CONVERSION = YES;
				CLANG_WARN_DEPRECATED_OBJC_IMPLEMENTATIONS = YES;
				CLANG_WARN_DIRECT_OBJC_ISA_USAGE = YES_ERROR;
				CLANG_WARN_DOCUMENTATION_COMMENTS = YES;
				CLANG_WARN_EMPTY_BODY = YES;
				CLANG_WARN_ENUM_CONVERSION = YES;
				CLANG_WARN_INFINITE_RECURSION = YES;
				CLANG_WARN_INT_CONVERSION = YES;
				CLANG_WARN_NON_LITERAL_NULL_CONVERSION = YES;
				CLANG_WARN_OBJC_IMPLICIT_RETAIN_SELF = YES;
				CLANG_WARN_OBJC_LITERAL_CONVERSION = YES;
				CLANG_WARN_OBJC_ROOT_CLASS = YES_ERROR;
				CLANG_WARN_RANGE_LOOP_ANALYSIS = YES;
				CLANG_WARN_STRICT_PROTOTYPES = YES;
				CLANG_WARN_SUSPICIOUS_MOVE = YES;
				CLANG_WARN_UNGUARDED_AVAILABILITY = YES_AGGRESSIVE;
				CLANG_WARN_UNREACHABLE_CODE = YES;
				CLANG_WARN__DUPLICATE_METHOD_MATCH = YES;
				CODE_SIGN_IDENTITY = "iPhone Developer";
				COPY_PHASE_STRIP = NO;
				DEBUG_INFORMATION_FORMAT = "dwarf-with-dsym";
				ENABLE_NS_ASSERTIONS = NO;
				ENABLE_STRICT_OBJC_MSGSEND = YES;
				GCC_C_LANGUAGE_STANDARD = gnu11;
				GCC_NO_COMMON_BLOCKS = YES;
				GCC_WARN_64_TO_32_BIT_CONVERSION = YES;
				GCC_WARN_ABOUT_RETURN_TYPE = YES_ERROR;
				GCC_WARN_UNDECLARED_SELECTOR = YES;
				GCC_WARN_UNINITIALIZED_AUTOS = YES_AGGRESSIVE;
				GCC_WARN_UNUSED_FUNCTION = YES;
				GCC_WARN_UNUSED_VARIABLE = YES;
				IPHONEOS_DEPLOYMENT_TARGET = 12.0;
				MTL_ENABLE_DEBUG_INFO = NO;
				MTL_FAST_MATH = YES;
				SDKROOT = iphoneos;
				SWIFT_COMPILATION_MODE = wholemodule;
				SWIFT_OPTIMIZATION_LEVEL = "-O";
				VALIDATE_PRODUCT = YES;
			};
			name = Release;
		};
		EA549DEC21597ABE00DFC066 /* Debug */ = {
			isa = XCBuildConfiguration;
			buildSettings = {
				ASSETCATALOG_COMPILER_APPICON_NAME = AppIcon;
				CODE_SIGN_STYLE = Automatic;
				DEVELOPMENT_TEAM = 93KKH99Z5P;
				INFOPLIST_FILE = RedditRealTime/Info.plist;
				LD_RUNPATH_SEARCH_PATHS = (
					"$(inherited)",
					"@executable_path/Frameworks",
				);
				PRODUCT_BUNDLE_IDENTIFIER = com.danielyount.RedditRealTime;
				PRODUCT_NAME = "$(TARGET_NAME)";
				SWIFT_VERSION = 4.2;
				TARGETED_DEVICE_FAMILY = "1,2";
			};
			name = Debug;
		};
		EA549DED21597ABE00DFC066 /* Release */ = {
			isa = XCBuildConfiguration;
			buildSettings = {
				ASSETCATALOG_COMPILER_APPICON_NAME = AppIcon;
				CODE_SIGN_STYLE = Automatic;
				DEVELOPMENT_TEAM = 93KKH99Z5P;
				INFOPLIST_FILE = RedditRealTime/Info.plist;
				LD_RUNPATH_SEARCH_PATHS = (
					"$(inherited)",
					"@executable_path/Frameworks",
				);
				PRODUCT_BUNDLE_IDENTIFIER = com.danielyount.RedditRealTime;
				PRODUCT_NAME = "$(TARGET_NAME)";
				SWIFT_VERSION = 4.2;
				TARGETED_DEVICE_FAMILY = "1,2";
			};
			name = Release;
		};
		EA549DEF21597ABE00DFC066 /* Debug */ = {
			isa = XCBuildConfiguration;
			buildSettings = {
				ALWAYS_EMBED_SWIFT_STANDARD_LIBRARIES = YES;
				BUNDLE_LOADER = "$(TEST_HOST)";
				CODE_SIGN_STYLE = Automatic;
				DEVELOPMENT_TEAM = 93KKH99Z5P;
				INFOPLIST_FILE = RedditRealTimeTests/Info.plist;
				LD_RUNPATH_SEARCH_PATHS = (
					"$(inherited)",
					"@executable_path/Frameworks",
					"@loader_path/Frameworks",
				);
				PRODUCT_BUNDLE_IDENTIFIER = com.danielyount.RedditRealTimeTests;
				PRODUCT_NAME = "$(TARGET_NAME)";
				SWIFT_VERSION = 4.2;
				TARGETED_DEVICE_FAMILY = "1,2";
				TEST_HOST = "$(BUILT_PRODUCTS_DIR)/RedditRealTime.app/RedditRealTime";
			};
			name = Debug;
		};
		EA549DF021597ABE00DFC066 /* Release */ = {
			isa = XCBuildConfiguration;
			buildSettings = {
				ALWAYS_EMBED_SWIFT_STANDARD_LIBRARIES = YES;
				BUNDLE_LOADER = "$(TEST_HOST)";
				CODE_SIGN_STYLE = Automatic;
				DEVELOPMENT_TEAM = 93KKH99Z5P;
				INFOPLIST_FILE = RedditRealTimeTests/Info.plist;
				LD_RUNPATH_SEARCH_PATHS = (
					"$(inherited)",
					"@executable_path/Frameworks",
					"@loader_path/Frameworks",
				);
				PRODUCT_BUNDLE_IDENTIFIER = com.danielyount.RedditRealTimeTests;
				PRODUCT_NAME = "$(TARGET_NAME)";
				SWIFT_VERSION = 4.2;
				TARGETED_DEVICE_FAMILY = "1,2";
				TEST_HOST = "$(BUILT_PRODUCTS_DIR)/RedditRealTime.app/RedditRealTime";
			};
			name = Release;
		};
		EA549DF221597ABE00DFC066 /* Debug */ = {
			isa = XCBuildConfiguration;
			buildSettings = {
				ALWAYS_EMBED_SWIFT_STANDARD_LIBRARIES = YES;
				CODE_SIGN_STYLE = Automatic;
				DEVELOPMENT_TEAM = 93KKH99Z5P;
				INFOPLIST_FILE = RedditRealTimeUITests/Info.plist;
				LD_RUNPATH_SEARCH_PATHS = (
					"$(inherited)",
					"@executable_path/Frameworks",
					"@loader_path/Frameworks",
				);
				PRODUCT_BUNDLE_IDENTIFIER = com.danielyount.RedditRealTimeUITests;
				PRODUCT_NAME = "$(TARGET_NAME)";
				SWIFT_VERSION = 4.2;
				TARGETED_DEVICE_FAMILY = "1,2";
				TEST_TARGET_NAME = RedditRealTime;
			};
			name = Debug;
		};
		EA549DF321597ABE00DFC066 /* Release */ = {
			isa = XCBuildConfiguration;
			buildSettings = {
				ALWAYS_EMBED_SWIFT_STANDARD_LIBRARIES = YES;
				CODE_SIGN_STYLE = Automatic;
				DEVELOPMENT_TEAM = 93KKH99Z5P;
				INFOPLIST_FILE = RedditRealTimeUITests/Info.plist;
				LD_RUNPATH_SEARCH_PATHS = (
					"$(inherited)",
					"@executable_path/Frameworks",
					"@loader_path/Frameworks",
				);
				PRODUCT_BUNDLE_IDENTIFIER = com.danielyount.RedditRealTimeUITests;
				PRODUCT_NAME = "$(TARGET_NAME)";
				SWIFT_VERSION = 4.2;
				TARGETED_DEVICE_FAMILY = "1,2";
				TEST_TARGET_NAME = RedditRealTime;
			};
			name = Release;
		};
/* End XCBuildConfiguration section */

/* Begin XCConfigurationList section */
		EA549DBE21597ABC00DFC066 /* Build configuration list for PBXProject "RedditRealTime" */ = {
			isa = XCConfigurationList;
			buildConfigurations = (
				EA549DE921597ABE00DFC066 /* Debug */,
				EA549DEA21597ABE00DFC066 /* Release */,
			);
			defaultConfigurationIsVisible = 0;
			defaultConfigurationName = Release;
		};
		EA549DEB21597ABE00DFC066 /* Build configuration list for PBXNativeTarget "RedditRealTime" */ = {
			isa = XCConfigurationList;
			buildConfigurations = (
				EA549DEC21597ABE00DFC066 /* Debug */,
				EA549DED21597ABE00DFC066 /* Release */,
			);
			defaultConfigurationIsVisible = 0;
			defaultConfigurationName = Release;
		};
		EA549DEE21597ABE00DFC066 /* Build configuration list for PBXNativeTarget "RedditRealTimeTests" */ = {
			isa = XCConfigurationList;
			buildConfigurations = (
				EA549DEF21597ABE00DFC066 /* Debug */,
				EA549DF021597ABE00DFC066 /* Release */,
			);
			defaultConfigurationIsVisible = 0;
			defaultConfigurationName = Release;
		};
		EA549DF121597ABE00DFC066 /* Build configuration list for PBXNativeTarget "RedditRealTimeUITests" */ = {
			isa = XCConfigurationList;
			buildConfigurations = (
				EA549DF221597ABE00DFC066 /* Debug */,
				EA549DF321597ABE00DFC066 /* Release */,
			);
			defaultConfigurationIsVisible = 0;
			defaultConfigurationName = Release;
		};
/* End XCConfigurationList section */
	};
	rootObject = EA549DBB21597ABC00DFC066 /* Project object */;
}
